<?xml version="1.0" encoding="utf-8"?>
<Project ToolsVersion="4.0" xmlns="http://schemas.microsoft.com/developer/msbuild/2003">
  <ItemGroup>
    <Filter Include="Source Files">
      <UniqueIdentifier>{4FC737F1-C7A5-4376-A066-2A32D752A2FF}</UniqueIdentifier>
      <Extensions>cpp;c;cc;cxx;def;odl;idl;hpj;bat;asm;asmx</Extensions>
    </Filter>
    <Filter Include="Header Files">
      <UniqueIdentifier>{93995380-89BD-4b04-88EB-625FBE52EBFB}</UniqueIdentifier>
      <Extensions>h;hpp;hxx;hm;inl;inc;xsd</Extensions>
    </Filter>
    <Filter Include="Resource Files">
      <UniqueIdentifier>{67DA6AB6-F800-4c08-8B7A-83BB121AAD01}</UniqueIdentifier>
      <Extensions>rc;ico;cur;bmp;dlg;rc2;rct;bin;rgs;gif;jpg;jpeg;jpe;resx;tiff;tif;png;wav;mfcribbon-ms</Extensions>
    </Filter>
  </ItemGroup>
  <ItemGroup>
    <ClCompile Include="Cubo.cpp">
      <Filter>Source Files</Filter>
    </ClCompile>
    <ClCompile Include="O3DS.cpp">
      <Filter>Source Files</Filter>
    </ClCompile>
    <ClCompile Include="O3DC.cpp">
      <Filter>Source Files</Filter>
    </ClCompile>
    <ClCompile Include="Tetraedo.cpp">
      <Filter>Source Files</Filter>
    </ClCompile>
    <ClCompile Include="Practica1.cpp">
      <Filter>Source Files</Filter>
    </ClCompile>
    <ClCompile Include="file_ply_stl.cpp">
      <Filter>Source Files</Filter>
    </ClCompile>
    <ClCompile Include="Silla.cpp">
      <Filter>Source Files</Filter>
    </ClCompile>
    <ClCompile Include="rueda.cpp">
      <Filter>Source Files</Filter>
    </ClCompile>
    <ClCompile Include="base.cpp">
      <Filter>Source Files</Filter>
    </ClCompile>
    <ClCompile Include="baseAlta.cpp">
      <Filter>Source Files</Filter>
    </ClCompile>
    <ClCompile Include="brazos.cpp">
      <Filter>Source Files</Filter>
    </ClCompile>
    <ClCompile Include="respaldos.cpp">
      <Filter>Source Files</Filter>
    </ClCompile>
    <ClCompile Include="luzMovil.cpp">
      <Filter>Source Files</Filter>
    </ClCompile>
    <ClCompile Include="imageloader.cpp">
      <Filter>Source Files</Filter>
    </ClCompile>
    <ClCompile Include="camara0.cpp">
      <Filter>Source Files</Filter>
    </ClCompile>
    <ClCompile Include="malla.cpp">
      <Filter>Source Files</Filter>
    </ClCompile>
  </ItemGroup>
  <ItemGroup>
    <ClInclude Include="Cubo.h">
      <Filter>Header Files</Filter>
    </ClInclude>
    <ClInclude Include="O3DS.h">
      <Filter>Header Files</Filter>
    </ClInclude>
    <ClInclude Include="vertex.h">
      <Filter>Header Files</Filter>
    </ClInclude>
    <ClInclude Include="O3DC.h">
      <Filter>Header Files</Filter>
    </ClInclude>
    <ClInclude Include="Tetraedo.h">
      <Filter>Header Files</Filter>
    </ClInclude>
    <ClInclude Include="file_ply_stl.h">
      <Filter>Header Files</Filter>
    </ClInclude>
    <ClInclude Include="resource.h">
      <Filter>Header Files</Filter>
    </ClInclude>
    <ClInclude Include="Silla.h">
      <Filter>Header Files</Filter>
    </ClInclude>
    <ClInclude Include="rueda.h">
      <Filter>Header Files</Filter>
    </ClInclude>
    <ClInclude Include="base.h">
      <Filter>Header Files</Filter>
    </ClInclude>
    <ClInclude Include="baseAlta.h">
      <Filter>Header Files</Filter>
    </ClInclude>
    <ClInclude Include="brazos.h">
      <Filter>Header Files</Filter>
    </ClInclude>
    <ClInclude Include="respaldos.h">
      <Filter>Header Files</Filter>
    </ClInclude>
    <ClInclude Include="luzMovil.h">
      <Filter>Header Files</Filter>
    </ClInclude>
    <ClInclude Include="imageloader.h">
      <Filter>Header Files</Filter>
    </ClInclude>
    <ClInclude Include="camara0.h">
      <Filter>Header Files</Filter>
    </ClInclude>
    <ClInclude Include="malla.h">
      <Filter>Header Files</Filter>
    </ClInclude>
  </ItemGroup>
  <ItemGroup>
    <ResourceCompile Include="openGl.rc">
      <Filter>Resource Files</Filter>
    </ResourceCompile>
  </ItemGroup>
  <ItemGroup>
    <Image Include="nubes.bmp">
      <Filter>Resource Files</Filter>
    </Image>
    <Image Include="text-madera.jpg">
      <Filter>Resource Files</Filter>
    </Image>
  </ItemGroup>
</Project>